// !$*UTF8*$!
{
	archiveVersion = 1;
	classes = {
	};
	objectVersion = 46;
	objects = {

/* Begin PBXBuildFile section */
		8BCD5B571A67C9BF007BF2BE /* main.swift in Sources */ = {isa = PBXBuildFile; fileRef = 8BCD5B561A67C9BF007BF2BE /* main.swift */; };
		8BCD5B5E1A67C9D9007BF2BE /* RC4.swift in Sources */ = {isa = PBXBuildFile; fileRef = 8BCD5B5D1A67C9D9007BF2BE /* RC4.swift */; };
		8BCD5B6A1A67CA49007BF2BE /* RC4Tests.swift in Sources */ = {isa = PBXBuildFile; fileRef = 8BCD5B691A67CA49007BF2BE /* RC4Tests.swift */; };
		8BCD5B6F1A67CA87007BF2BE /* RC4.swift in Sources */ = {isa = PBXBuildFile; fileRef = 8BCD5B5D1A67C9D9007BF2BE /* RC4.swift */; };
/* End PBXBuildFile section */

/* Begin PBXCopyFilesBuildPhase section */
		8BCD5B511A67C9BF007BF2BE /* CopyFiles */ = {
			isa = PBXCopyFilesBuildPhase;
			buildActionMask = 2147483647;
			dstPath = /usr/share/man/man1/;
			dstSubfolderSpec = 0;
			files = (
			);
			runOnlyForDeploymentPostprocessing = 1;
		};
/* End PBXCopyFilesBuildPhase section */

/* Begin PBXFileReference section */
		8BCD5B531A67C9BF007BF2BE /* SwiftRC4 */ = {isa = PBXFileReference; explicitFileType = "compiled.mach-o.executable"; includeInIndex = 0; path = SwiftRC4; sourceTree = BUILT_PRODUCTS_DIR; };
		8BCD5B561A67C9BF007BF2BE /* main.swift */ = {isa = PBXFileReference; lastKnownFileType = sourcecode.swift; path = main.swift; sourceTree = "<group>"; };
		8BCD5B5D1A67C9D9007BF2BE /* RC4.swift */ = {isa = PBXFileReference; fileEncoding = 4; lastKnownFileType = sourcecode.swift; path = RC4.swift; sourceTree = "<group>"; };
		8BCD5B651A67CA49007BF2BE /* RC4Tests.xctest */ = {isa = PBXFileReference; explicitFileType = wrapper.cfbundle; includeInIndex = 0; path = RC4Tests.xctest; sourceTree = BUILT_PRODUCTS_DIR; };
		8BCD5B681A67CA49007BF2BE /* Info.plist */ = {isa = PBXFileReference; lastKnownFileType = text.plist.xml; path = Info.plist; sourceTree = "<group>"; };
		8BCD5B691A67CA49007BF2BE /* RC4Tests.swift */ = {isa = PBXFileReference; lastKnownFileType = sourcecode.swift; path = RC4Tests.swift; sourceTree = "<group>"; };
/* End PBXFileReference section */

/* Begin PBXFrameworksBuildPhase section */
		8BCD5B501A67C9BF007BF2BE /* Frameworks */ = {
			isa = PBXFrameworksBuildPhase;
			buildActionMask = 2147483647;
			files = (
			);
			runOnlyForDeploymentPostprocessing = 0;
		};
		8BCD5B621A67CA49007BF2BE /* Frameworks */ = {
			isa = PBXFrameworksBuildPhase;
			buildActionMask = 2147483647;
			files = (
			);
			runOnlyForDeploymentPostprocessing = 0;
		};
/* End PBXFrameworksBuildPhase section */

/* Begin PBXGroup section */
		8BCD5B4A1A67C9BF007BF2BE = {
			isa = PBXGroup;
			children = (
				8BCD5B551A67C9BF007BF2BE /* SwiftRC4 */,
				8BCD5B661A67CA49007BF2BE /* RC4Tests */,
				8BCD5B541A67C9BF007BF2BE /* Products */,
			);
			sourceTree = "<group>";
		};
		8BCD5B541A67C9BF007BF2BE /* Products */ = {
			isa = PBXGroup;
			children = (
				8BCD5B531A67C9BF007BF2BE /* SwiftRC4 */,
				8BCD5B651A67CA49007BF2BE /* RC4Tests.xctest */,
			);
			name = Products;
			sourceTree = "<group>";
		};
		8BCD5B551A67C9BF007BF2BE /* SwiftRC4 */ = {
			isa = PBXGroup;
			children = (
				8BCD5B561A67C9BF007BF2BE /* main.swift */,
				8BCD5B5D1A67C9D9007BF2BE /* RC4.swift */,
			);
			path = SwiftRC4;
			sourceTree = "<group>";
		};
		8BCD5B661A67CA49007BF2BE /* RC4Tests */ = {
			isa = PBXGroup;
			children = (
				8BCD5B691A67CA49007BF2BE /* RC4Tests.swift */,
				8BCD5B671A67CA49007BF2BE /* Supporting Files */,
			);
			path = RC4Tests;
			sourceTree = "<group>";
		};
		8BCD5B671A67CA49007BF2BE /* Supporting Files */ = {
			isa = PBXGroup;
			children = (
				8BCD5B681A67CA49007BF2BE /* Info.plist */,
			);
			name = "Supporting Files";
			sourceTree = "<group>";
		};
/* End PBXGroup section */

/* Begin PBXNativeTarget section */
		8BCD5B521A67C9BF007BF2BE /* SwiftRC4 */ = {
			isa = PBXNativeTarget;
			buildConfigurationList = 8BCD5B5A1A67C9BF007BF2BE /* Build configuration list for PBXNativeTarget "SwiftRC4" */;
			buildPhases = (
				8BCD5B4F1A67C9BF007BF2BE /* Sources */,
				8BCD5B501A67C9BF007BF2BE /* Frameworks */,
				8BCD5B511A67C9BF007BF2BE /* CopyFiles */,
			);
			buildRules = (
			);
			dependencies = (
			);
			name = SwiftRC4;
			productName = SwiftRC4;
			productReference = 8BCD5B531A67C9BF007BF2BE /* SwiftRC4 */;
			productType = "com.apple.product-type.tool";
		};
		8BCD5B641A67CA49007BF2BE /* RC4Tests */ = {
			isa = PBXNativeTarget;
			buildConfigurationList = 8BCD5B6B1A67CA49007BF2BE /* Build configuration list for PBXNativeTarget "RC4Tests" */;
			buildPhases = (
				8BCD5B611A67CA49007BF2BE /* Sources */,
				8BCD5B621A67CA49007BF2BE /* Frameworks */,
				8BCD5B631A67CA49007BF2BE /* Resources */,
			);
			buildRules = (
			);
			dependencies = (
			);
			name = RC4Tests;
			productName = RC4Tests;
			productReference = 8BCD5B651A67CA49007BF2BE /* RC4Tests.xctest */;
			productType = "com.apple.product-type.bundle.unit-test";
		};
/* End PBXNativeTarget section */

/* Begin PBXProject section */
		8BCD5B4B1A67C9BF007BF2BE /* Project object */ = {
			isa = PBXProject;
			attributes = {
				LastUpgradeCheck = 0610;
				ORGANIZATIONNAME = "Willy Liu";
				TargetAttributes = {
					8BCD5B521A67C9BF007BF2BE = {
						CreatedOnToolsVersion = 6.1.1;
					};
					8BCD5B641A67CA49007BF2BE = {
						CreatedOnToolsVersion = 6.1.1;
					};
				};
			};
			buildConfigurationList = 8BCD5B4E1A67C9BF007BF2BE /* Build configuration list for PBXProject "SwiftRC4" */;
			compatibilityVersion = "Xcode 3.2";
			developmentRegion = English;
			hasScannedForEncodings = 0;
			knownRegions = (
				en,
			);
			mainGroup = 8BCD5B4A1A67C9BF007BF2BE;
			productRefGroup = 8BCD5B541A67C9BF007BF2BE /* Products */;
			projectDirPath = "";
			projectRoot = "";
			targets = (
				8BCD5B521A67C9BF007BF2BE /* SwiftRC4 */,
				8BCD5B641A67CA49007BF2BE /* RC4Tests */,
			);
		};
/* End PBXProject section */

/* Begin PBXResourcesBuildPhase section */
		8BCD5B631A67CA49007BF2BE /* Resources */ = {
			isa = PBXResourcesBuildPhase;
			buildActionMask = 2147483647;
			files = (
			);
			runOnlyForDeploymentPostprocessing = 0;
		};
/* End PBXResourcesBuildPhase section */

/* Begin PBXSourcesBuildPhase section */
		8BCD5B4F1A67C9BF007BF2BE /* Sources */ = {
			isa = PBXSourcesBuildPhase;
			buildActionMask = 2147483647;
			files = (
				8BCD5B571A67C9BF007BF2BE /* main.swift in Sources */,
				8BCD5B5E1A67C9D9007BF2BE /* RC4.swift in Sources */,
			);
			runOnlyForDeploymentPostprocessing = 0;
		};
		8BCD5B611A67CA49007BF2BE /* Sources */ = {
			isa = PBXSourcesBuildPhase;
			buildActionMask = 2147483647;
			files = (
				8BCD5B6A1A67CA49007BF2BE /* RC4Tests.swift in Sources */,
				8BCD5B6F1A67CA87007BF2BE /* RC4.swift in Sources */,
			);
			runOnlyForDeploymentPostprocessing = 0;
		};
/* End PBXSourcesBuildPhase section */

/* Begin XCBuildConfiguration section */
		8BCD5B581A67C9BF007BF2BE /* Debug */ = {
			isa = XCBuildConfiguration;
			buildSettings = {
				ALWAYS_SEARCH_USER_PATHS = NO;
				CLANG_CXX_LANGUAGE_STANDARD = "gnu++0x";
				CLANG_CXX_LIBRARY = "libc++";
				CLANG_ENABLE_MODULES = YES;
				CLANG_ENABLE_OBJC_ARC = YES;
				CLANG_WARN_BOOL_CONVERSION = YES;
				CLANG_WARN_CONSTANT_CONVERSION = YES;
				CLANG_WARN_DIRECT_OBJC_ISA_USAGE = YES_ERROR;
				CLANG_WARN_EMPTY_BODY = YES;
				CLANG_WARN_ENUM_CONVERSION = YES;
				CLANG_WARN_INT_CONVERSION = YES;
				CLANG_WARN_OBJC_ROOT_CLASS = YES_ERROR;
				CLANG_WARN_UNREACHABLE_CODE = YES;
				CLANG_WARN__DUPLICATE_METHOD_MATCH = YES;
				COPY_PHASE_STRIP = NO;
				ENABLE_STRICT_OBJC_MSGSEND = YES;
				GCC_C_LANGUAGE_STANDARD = gnu99;
				GCC_DYNAMIC_NO_PIC = NO;
				GCC_OPTIMIZATION_LEVEL = 0;
				GCC_PREPROCESSOR_DEFINITIONS = (
					"DEBUG=1",
					"$(inherited)",
				);
				GCC_SYMBOLS_PRIVATE_EXTERN = NO;
				GCC_WARN_64_TO_32_BIT_CONVERSION = YES;
				GCC_WARN_ABOUT_RETURN_TYPE = YES_ERROR;
				GCC_WARN_UNDECLARED_SELECTOR = YES;
				GCC_WARN_UNINITIALIZED_AUTOS = YES_AGGRESSIVE;
				GCC_WARN_UNUSED_FUNCTION = YES;
				GCC_WARN_UNUSED_VARIABLE = YES;
				MACOSX_DEPLOYMENT_TARGET = 10.10;
				MTL_ENABLE_DEBUG_INFO = YES;
				ONLY_ACTIVE_ARCH = YES;
				SDKROOT = macosx;
				SWIFT_OPTIMIZATION_LEVEL = "-Onone";
			};
			name = Debug;
		};
		8BCD5B591A67C9BF007BF2BE /* Release */ = {
			isa = XCBuildConfiguration;
			buildSettings = {
				ALWAYS_SEARCH_USER_PATHS = NO;
				CLANG_CXX_LANGUAGE_STANDARD = "gnu++0x";
				CLANG_CXX_LIBRARY = "libc++";
				CLANG_ENABLE_MODULES = YES;
				CLANG_ENABLE_OBJC_ARC = YES;
				CLANG_WARN_BOOL_CONVERSION = YES;
				CLANG_WARN_CONSTANT_CONVERSION = YES;
				CLANG_WARN_DIRECT_OBJC_ISA_USAGE = YES_ERROR;
				CLANG_WARN_EMPTY_BODY = YES;
				CLANG_WARN_ENUM_CONVERSION = YES;
				CLANG_WARN_INT_CONVERSION = YES;
				CLANG_WARN_OBJC_ROOT_CLASS = YES_ERROR;
				CLANG_WARN_UNREACHABLE_CODE = YES;
				CLANG_WARN__DUPLICATE_METHOD_MATCH = YES;
				COPY_PHASE_STRIP = YES;
				DEBUG_INFORMATION_FORMAT = "dwarf-with-dsym";
				ENABLE_NS_ASSERTIONS = NO;
				ENABLE_STRICT_OBJC_MSGSEND = YES;
				GCC_C_LANGUAGE_STANDARD = gnu99;
				GCC_WARN_64_TO_32_BIT_CONVERSION = YES;
				GCC_WARN_ABOUT_RETURN_TYPE = YES_ERROR;
				GCC_WARN_UNDECLARED_SELECTOR = YES;
				GCC_WARN_UNINITIALIZED_AUTOS = YES_AGGRESSIVE;
				GCC_WARN_UNUSED_FUNCTION = YES;
				GCC_WARN_UNUSED_VARIABLE = YES;
				MACOSX_DEPLOYMENT_TARGET = 10.10;
				MTL_ENABLE_DEBUG_INFO = NO;
				SDKROOT = macosx;
			};
			name = Release;
		};
		8BCD5B5B1A67C9BF007BF2BE /* Debug */ = {
			isa = XCBuildConfiguration;
			buildSettings = {
				PRODUCT_NAME = "$(TARGET_NAME)";
			};
			name = Debug;
		};
		8BCD5B5C1A67C9BF007BF2BE /* Release */ = {
			isa = XCBuildConfiguration;
			buildSettings = {
				PRODUCT_NAME = "$(TARGET_NAME)";
			};
			name = Release;
		};
		8BCD5B6C1A67CA49007BF2BE /* Debug */ = {
			isa = XCBuildConfiguration;
			buildSettings = {
				COMBINE_HIDPI_IMAGES = YES;
				FRAMEWORK_SEARCH_PATHS = (
					"$(DEVELOPER_FRAMEWORKS_DIR)",
					"$(inherited)",
				);
				GCC_PREPROCESSOR_DEFINITIONS = (
					"DEBUG=1",
					"$(inherited)",
				);
				INFOPLIST_FILE = RC4Tests/Info.plist;
				LD_RUNPATH_SEARCH_PATHS = "$(inherited) @executable_path/../Frameworks @loader_path/../Frameworks";
				PRODUCT_NAME = "$(TARGET_NAME)";
			};
			name = Debug;
		};
		8BCD5B6D1A67CA49007BF2BE /* Release */ = {
			isa = XCBuildConfiguration;
			buildSettings = {
				COMBINE_HIDPI_IMAGES = YES;
				FRAMEWORK_SEARCH_PATHS = (
					"$(DEVELOPER_FRAMEWORKS_DIR)",
					"$(inherited)",
				);
				INFOPLIST_FILE = RC4Tests/Info.plist;
				LD_RUNPATH_SEARCH_PATHS = "$(inherited) @executable_path/../Frameworks @loader_path/../Frameworks";
				PRODUCT_NAME = "$(TARGET_NAME)";
			};
			name = Release;
		};
/* End XCBuildConfiguration section */

/* Begin XCConfigurationList section */
		8BCD5B4E1A67C9BF007BF2BE /* Build configuration list for PBXProject "SwiftRC4" */ = {
			isa = XCConfigurationList;
			buildConfigurations = (
				8BCD5B581A67C9BF007BF2BE /* Debug */,
				8BCD5B591A67C9BF007BF2BE /* Release */,
			);
			defaultConfigurationIsVisible = 0;
			defaultConfigurationName = Release;
		};
		8BCD5B5A1A67C9BF007BF2BE /* Build configuration list for PBXNativeTarget "SwiftRC4" */ = {
			isa = XCConfigurationList;
			buildConfigurations = (
				8BCD5B5B1A67C9BF007BF2BE /* Debug */,
				8BCD5B5C1A67C9BF007BF2BE /* Release */,
			);
			defaultConfigurationIsVisible = 0;
		};
		8BCD5B6B1A67CA49007BF2BE /* Build configuration list for PBXNativeTarget "RC4Tests" */ = {
			isa = XCConfigurationList;
			buildConfigurations = (
				8BCD5B6C1A67CA49007BF2BE /* Debug */,
				8BCD5B6D1A67CA49007BF2BE /* Release */,
			);
			defaultConfigurationIsVisible = 0;
		};
/* End XCConfigurationList section */
	};
	rootObject = 8BCD5B4B1A67C9BF007BF2BE /* Project object */;
}
